// !$*UTF8*$!
{
	archiveVersion = 1;
	classes = {
	};
	objectVersion = 50;
	objects = {

/* Begin PBXBuildFile section */
		C90E9FDF248333EA00ABE88F /* AppDelegate.swift in Sources */ = {isa = PBXBuildFile; fileRef = C90E9FDE248333EA00ABE88F /* AppDelegate.swift */; };
		C90E9FE1248333EA00ABE88F /* SceneDelegate.swift in Sources */ = {isa = PBXBuildFile; fileRef = C90E9FE0248333EA00ABE88F /* SceneDelegate.swift */; };
		C90E9FE3248333EA00ABE88F /* ContentView.swift in Sources */ = {isa = PBXBuildFile; fileRef = C90E9FE2248333EA00ABE88F /* ContentView.swift */; };
		C90E9FE5248333EC00ABE88F /* Assets.xcassets in Resources */ = {isa = PBXBuildFile; fileRef = C90E9FE4248333EC00ABE88F /* Assets.xcassets */; };
		C90E9FE8248333EC00ABE88F /* Preview Assets.xcassets in Resources */ = {isa = PBXBuildFile; fileRef = C90E9FE7248333EC00ABE88F /* Preview Assets.xcassets */; };
		C90E9FEB248333EC00ABE88F /* LaunchScreen.storyboard in Resources */ = {isa = PBXBuildFile; fileRef = C90E9FE9248333EC00ABE88F /* LaunchScreen.storyboard */; };
		C90E9FF32483340100ABE88F /* FliterDataHelper.swift in Sources */ = {isa = PBXBuildFile; fileRef = C90E9FF22483340100ABE88F /* FliterDataHelper.swift */; };
/* End PBXBuildFile section */

/* Begin PBXFileReference section */
		C90E9FDB248333EA00ABE88F /* FilterDemo.app */ = {isa = PBXFileReference; explicitFileType = wrapper.application; includeInIndex = 0; path = FilterDemo.app; sourceTree = BUILT_PRODUCTS_DIR; };
		C90E9FDE248333EA00ABE88F /* AppDelegate.swift */ = {isa = PBXFileReference; lastKnownFileType = sourcecode.swift; path = AppDelegate.swift; sourceTree = "<group>"; };
		C90E9FE0248333EA00ABE88F /* SceneDelegate.swift */ = {isa = PBXFileReference; lastKnownFileType = sourcecode.swift; path = SceneDelegate.swift; sourceTree = "<group>"; };
		C90E9FE2248333EA00ABE88F /* ContentView.swift */ = {isa = PBXFileReference; lastKnownFileType = sourcecode.swift; path = ContentView.swift; sourceTree = "<group>"; };
		C90E9FE4248333EC00ABE88F /* Assets.xcassets */ = {isa = PBXFileReference; lastKnownFileType = folder.assetcatalog; path = Assets.xcassets; sourceTree = "<group>"; };
		C90E9FE7248333EC00ABE88F /* Preview Assets.xcassets */ = {isa = PBXFileReference; lastKnownFileType = folder.assetcatalog; path = "Preview Assets.xcassets"; sourceTree = "<group>"; };
		C90E9FEA248333EC00ABE88F /* Base */ = {isa = PBXFileReference; lastKnownFileType = file.storyboard; name = Base; path = Base.lproj/LaunchScreen.storyboard; sourceTree = "<group>"; };
		C90E9FEC248333EC00ABE88F /* Info.plist */ = {isa = PBXFileReference; lastKnownFileType = text.plist.xml; path = Info.plist; sourceTree = "<group>"; };
		C90E9FF22483340100ABE88F /* FliterDataHelper.swift */ = {isa = PBXFileReference; lastKnownFileType = sourcecode.swift; path = FliterDataHelper.swift; sourceTree = "<group>"; };
/* End PBXFileReference section */

/* Begin PBXFrameworksBuildPhase section */
		C90E9FD8248333EA00ABE88F /* Frameworks */ = {
			isa = PBXFrameworksBuildPhase;
			buildActionMask = 2147483647;
			files = (
			);
			runOnlyForDeploymentPostprocessing = 0;
		};
/* End PBXFrameworksBuildPhase section */

/* Begin PBXGroup section */
		C90E9FD2248333EA00ABE88F = {
			isa = PBXGroup;
			children = (
				C90E9FDD248333EA00ABE88F /* FilterDemo */,
				C90E9FDC248333EA00ABE88F /* Products */,
			);
			sourceTree = "<group>";
		};
		C90E9FDC248333EA00ABE88F /* Products */ = {
			isa = PBXGroup;
			children = (
				C90E9FDB248333EA00ABE88F /* FilterDemo.app */,
			);
			name = Products;
			sourceTree = "<group>";
		};
		C90E9FDD248333EA00ABE88F /* FilterDemo */ = {
			isa = PBXGroup;
			children = (
				C90E9FDE248333EA00ABE88F /* AppDelegate.swift */,
				C90E9FE0248333EA00ABE88F /* SceneDelegate.swift */,
				C90E9FE2248333EA00ABE88F /* ContentView.swift */,
				C90E9FE4248333EC00ABE88F /* Assets.xcassets */,
				C90E9FE9248333EC00ABE88F /* LaunchScreen.storyboard */,
				C90E9FEC248333EC00ABE88F /* Info.plist */,
				C90E9FE6248333EC00ABE88F /* Preview Content */,
				C90E9FF22483340100ABE88F /* FliterDataHelper.swift */,
			);
			path = FilterDemo;
			sourceTree = "<group>";
		};
		C90E9FE6248333EC00ABE88F /* Preview Content */ = {
			isa = PBXGroup;
			children = (
				C90E9FE7248333EC00ABE88F /* Preview Assets.xcassets */,
			);
			path = "Preview Content";
			sourceTree = "<group>";
		};
/* End PBXGroup section */

/* Begin PBXNativeTarget section */
		C90E9FDA248333EA00ABE88F /* FilterDemo */ = {
			isa = PBXNativeTarget;
			buildConfigurationList = C90E9FEF248333EC00ABE88F /* Build configuration list for PBXNativeTarget "FilterDemo" */;
			buildPhases = (
				C90E9FD7248333EA00ABE88F /* Sources */,
				C90E9FD8248333EA00ABE88F /* Frameworks */,
				C90E9FD9248333EA00ABE88F /* Resources */,
			);
			buildRules = (
			);
			dependencies = (
			);
			name = FilterDemo;
			productName = FilterDemo;
			productReference = C90E9FDB248333EA00ABE88F /* FilterDemo.app */;
			productType = "com.apple.product-type.application";
		};
/* End PBXNativeTarget section */

/* Begin PBXProject section */
		C90E9FD3248333EA00ABE88F /* Project object */ = {
			isa = PBXProject;
			attributes = {
				LastSwiftUpdateCheck = 1140;
				LastUpgradeCheck = 1140;
				ORGANIZATIONNAME = "Pranav Bhardwaj";
				TargetAttributes = {
					C90E9FDA248333EA00ABE88F = {
						CreatedOnToolsVersion = 11.4;
					};
				};
			};
			buildConfigurationList = C90E9FD6248333EA00ABE88F /* Build configuration list for PBXProject "FilterDemo" */;
			compatibilityVersion = "Xcode 9.3";
			developmentRegion = en;
			hasScannedForEncodings = 0;
			knownRegions = (
				en,
				Base,
			);
			mainGroup = C90E9FD2248333EA00ABE88F;
			productRefGroup = C90E9FDC248333EA00ABE88F /* Products */;
			projectDirPath = "";
			projectRoot = "";
			targets = (
				C90E9FDA248333EA00ABE88F /* FilterDemo */,
			);
		};
/* End PBXProject section */

/* Begin PBXResourcesBuildPhase section */
		C90E9FD9248333EA00ABE88F /* Resources */ = {
			isa = PBXResourcesBuildPhase;
			buildActionMask = 2147483647;
			files = (
				C90E9FEB248333EC00ABE88F /* LaunchScreen.storyboard in Resources */,
				C90E9FE8248333EC00ABE88F /* Preview Assets.xcassets in Resources */,
				C90E9FE5248333EC00ABE88F /* Assets.xcassets in Resources */,
			);
			runOnlyForDeploymentPostprocessing = 0;
		};
/* End PBXResourcesBuildPhase section */

/* Begin PBXSourcesBuildPhase section */
		C90E9FD7248333EA00ABE88F /* Sources */ = {
			isa = PBXSourcesBuildPhase;
			buildActionMask = 2147483647;
			files = (
				C90E9FDF248333EA00ABE88F /* AppDelegate.swift in Sources */,
				C90E9FF32483340100ABE88F /* FliterDataHelper.swift in Sources */,
				C90E9FE1248333EA00ABE88F /* SceneDelegate.swift in Sources */,
				C90E9FE3248333EA00ABE88F /* ContentView.swift in Sources */,
			);
			runOnlyForDeploymentPostprocessing = 0;
		};
/* End PBXSourcesBuildPhase section */

/* Begin PBXVariantGroup section */
		C90E9FE9248333EC00ABE88F /* LaunchScreen.storyboard */ = {
			isa = PBXVariantGroup;
			children = (
				C90E9FEA248333EC00ABE88F /* Base */,
			);
			name = LaunchScreen.storyboard;
			sourceTree = "<group>";
		};
/* End PBXVariantGroup section */

/* Begin XCBuildConfiguration section */
		C90E9FED248333EC00ABE88F /* Debug */ = {
			isa = XCBuildConfiguration;
			buildSettings = {
				ALWAYS_SEARCH_USER_PATHS = NO;
				CLANG_ANALYZER_NONNULL = YES;
				CLANG_ANALYZER_NUMBER_OBJECT_CONVERSION = YES_AGGRESSIVE;
				CLANG_CXX_LANGUAGE_STANDARD = "gnu++14";
				CLANG_CXX_LIBRARY = "libc++";
				CLANG_ENABLE_MODULES = YES;
				CLANG_ENABLE_OBJC_ARC = YES;
				CLANG_ENABLE_OBJC_WEAK = YES;
				CLANG_WARN_BLOCK_CAPTURE_AUTORELEASING = YES;
				CLANG_WARN_BOOL_CONVERSION = YES;
				CLANG_WARN_COMMA = YES;
				CLANG_WARN_CONSTANT_CONVERSION = YES;
				CLANG_WARN_DEPRECATED_OBJC_IMPLEMENTATIONS = YES;
				CLANG_WARN_DIRECT_OBJC_ISA_USAGE = YES_ERROR;
				CLANG_WARN_DOCUMENTATION_COMMENTS = YES;
				CLANG_WARN_EMPTY_BODY = YES;
				CLANG_WARN_ENUM_CONVERSION = YES;
				CLANG_WARN_INFINITE_RECURSION = YES;
				CLANG_WARN_INT_CONVERSION = YES;
				CLANG_WARN_NON_LITERAL_NULL_CONVERSION = YES;
				CLANG_WARN_OBJC_IMPLICIT_RETAIN_SELF = YES;
				CLANG_WARN_OBJC_LITERAL_CONVERSION = YES;
				CLANG_WARN_OBJC_ROOT_CLASS = YES_ERROR;
				CLANG_WARN_RANGE_LOOP_ANALYSIS = YES;
				CLANG_WARN_STRICT_PROTOTYPES = YES;
				CLANG_WARN_SUSPICIOUS_MOVE = YES;
				CLANG_WARN_UNGUARDED_AVAILABILITY = YES_AGGRESSIVE;
				CLANG_WARN_UNREACHABLE_CODE = YES;
				CLANG_WARN__DUPLICATE_METHOD_MATCH = YES;
				COPY_PHASE_STRIP = NO;
				DEBUG_INFORMATION_FORMAT = dwarf;
				ENABLE_STRICT_OBJC_MSGSEND = YES;
				ENABLE_TESTABILITY = YES;
				GCC_C_LANGUAGE_STANDARD = gnu11;
				GCC_DYNAMIC_NO_PIC = NO;
				GCC_NO_COMMON_BLOCKS = YES;
				GCC_OPTIMIZATION_LEVEL = 0;
				GCC_PREPROCESSOR_DEFINITIONS = (
					"DEBUG=1",
					"$(inherited)",
				);
				GCC_WARN_64_TO_32_BIT_CONVERSION = YES;
				GCC_WARN_ABOUT_RETURN_TYPE = YES_ERROR;
				GCC_WARN_UNDECLARED_SELECTOR = YES;
				GCC_WARN_UNINITIALIZED_AUTOS = YES_AGGRESSIVE;
				GCC_WARN_UNUSED_FUNCTION = YES;
				GCC_WARN_UNUSED_VARIABLE = YES;
				IPHONEOS_DEPLOYMENT_TARGET = 13.4;
				MTL_ENABLE_DEBUG_INFO = INCLUDE_SOURCE;
				MTL_FAST_MATH = YES;
				ONLY_ACTIVE_ARCH = YES;
				SDKROOT = iphoneos;
				SWIFT_ACTIVE_COMPILATION_CONDITIONS = DEBUG;
				SWIFT_OPTIMIZATION_LEVEL = "-Onone";
			};
			name = Debug;
		};
		C90E9FEE248333EC00ABE88F /* Release */ = {
			isa = XCBuildConfiguration;
			buildSettings = {
				ALWAYS_SEARCH_USER_PATHS = NO;
				CLANG_ANALYZER_NONNULL = YES;
				CLANG_ANALYZER_NUMBER_OBJECT_CONVERSION = YES_AGGRESSIVE;
				CLANG_CXX_LANGUAGE_STANDARD = "gnu++14";
				CLANG_CXX_LIBRARY = "libc++";
				CLANG_ENABLE_MODULES = YES;
				CLANG_ENABLE_OBJC_ARC = YES;
				CLANG_ENABLE_OBJC_WEAK = YES;
				CLANG_WARN_BLOCK_CAPTURE_AUTORELEASING = YES;
				CLANG_WARN_BOOL_CONVERSION = YES;
				CLANG_WARN_COMMA = YES;
				CLANG_WARN_CONSTANT_CONVERSION = YES;
				CLANG_WARN_DEPRECATED_OBJC_IMPLEMENTATIONS = YES;
				CLANG_WARN_DIRECT_OBJC_ISA_USAGE = YES_ERROR;
				CLANG_WARN_DOCUMENTATION_COMMENTS = YES;
				CLANG_WARN_EMPTY_BODY = YES;
				CLANG_WARN_ENUM_CONVERSION = YES;
				CLANG_WARN_INFINITE_RECURSION = YES;
				CLANG_WARN_INT_CONVERSION = YES;
				CLANG_WARN_NON_LITERAL_NULL_CONVERSION = YES;
				CLANG_WARN_OBJC_IMPLICIT_RETAIN_SELF = YES;
				CLANG_WARN_OBJC_LITERAL_CONVERSION = YES;
				CLANG_WARN_OBJC_ROOT_CLASS = YES_ERROR;
				CLANG_WARN_RANGE_LOOP_ANALYSIS = YES;
				CLANG_WARN_STRICT_PROTOTYPES = YES;
				CLANG_WARN_SUSPICIOUS_MOVE = YES;
				CLANG_WARN_UNGUARDED_AVAILABILITY = YES_AGGRESSIVE;
				CLANG_WARN_UNREACHABLE_CODE = YES;
				CLANG_WARN__DUPLICATE_METHOD_MATCH = YES;
				COPY_PHASE_STRIP = NO;
				DEBUG_INFORMATION_FORMAT = "dwarf-with-dsym";
				ENABLE_NS_ASSERTIONS = NO;
				ENABLE_STRICT_OBJC_MSGSEND = YES;
				GCC_C_LANGUAGE_STANDARD = gnu11;
				GCC_NO_COMMON_BLOCKS = YES;
				GCC_WARN_64_TO_32_BIT_CONVERSION = YES;
				GCC_WARN_ABOUT_RETURN_TYPE = YES_ERROR;
				GCC_WARN_UNDECLARED_SELECTOR = YES;
				GCC_WARN_UNINITIALIZED_AUTOS = YES_AGGRESSIVE;
				GCC_WARN_UNUSED_FUNCTION = YES;
				GCC_WARN_UNUSED_VARIABLE = YES;
				IPHONEOS_DEPLOYMENT_TARGET = 13.4;
				MTL_ENABLE_DEBUG_INFO = NO;
				MTL_FAST_MATH = YES;
				SDKROOT = iphoneos;
				SWIFT_COMPILATION_MODE = wholemodule;
				SWIFT_OPTIMIZATION_LEVEL = "-O";
				VALIDATE_PRODUCT = YES;
			};
			name = Release;
		};
		C90E9FF0248333EC00ABE88F /* Debug */ = {
			isa = XCBuildConfiguration;
			buildSettings = {
				ASSETCATALOG_COMPILER_APPICON_NAME = AppIcon;
				CODE_SIGN_STYLE = Automatic;
				DEVELOPMENT_ASSET_PATHS = "\"FilterDemo/Preview Content\"";
				DEVELOPMENT_TEAM = L9YSGGP88F;
				ENABLE_PREVIEWS = YES;
				INFOPLIST_FILE = FilterDemo/Info.plist;
				LD_RUNPATH_SEARCH_PATHS = (
					"$(inherited)",
					"@executable_path/Frameworks",
				);
				PRODUCT_BUNDLE_IDENTIFIER = com.pbx.FilterDemo;
				PRODUCT_NAME = "$(TARGET_NAME)";
				SWIFT_VERSION = 5.0;
				TARGETED_DEVICE_FAMILY = "1,2";
			};
			name = Debug;
		};
		C90E9FF1248333EC00ABE88F /* Release */ = {
			isa = XCBuildConfiguration;
			buildSettings = {
				ASSETCATALOG_COMPILER_APPICON_NAME = AppIcon;
				CODE_SIGN_STYLE = Automatic;
				DEVELOPMENT_ASSET_PATHS = "\"FilterDemo/Preview Content\"";
				DEVELOPMENT_TEAM = L9YSGGP88F;
				ENABLE_PREVIEWS = YES;
				INFOPLIST_FILE = FilterDemo/Info.plist;
				LD_RUNPATH_SEARCH_PATHS = (
					"$(inherited)",
					"@executable_path/Frameworks",
				);
				PRODUCT_BUNDLE_IDENTIFIER = com.pbx.FilterDemo;
				PRODUCT_NAME = "$(TARGET_NAME)";
				SWIFT_VERSION = 5.0;
				TARGETED_DEVICE_FAMILY = "1,2";
			};
			name = Release;
		};
/* End XCBuildConfiguration section */

/* Begin XCConfigurationList section */
		C90E9FD6248333EA00ABE88F /* Build configuration list for PBXProject "FilterDemo" */ = {
			isa = XCConfigurationList;
			buildConfigurations = (
				C90E9FED248333EC00ABE88F /* Debug */,
				C90E9FEE248333EC00ABE88F /* Release */,
			);
			defaultConfigurationIsVisible = 0;
			defaultConfigurationName = Release;
		};
		C90E9FEF248333EC00ABE88F /* Build configuration list for PBXNativeTarget "FilterDemo" */ = {
			isa = XCConfigurationList;
			buildConfigurations = (
				C90E9FF0248333EC00ABE88F /* Debug */,
				C90E9FF1248333EC00ABE88F /* Release */,
			);
			defaultConfigurationIsVisible = 0;
			defaultConfigurationName = Release;
		};
/* End XCConfigurationList section */
	};
	rootObject = C90E9FD3248333EA00ABE88F /* Project object */;
}
